// !$*UTF8*$!
{
	archiveVersion = 1;
	classes = {
	};
	objectVersion = 56;
	objects = {

/* Begin PBXBuildFile section */
		87B972502B827F5D00DDE86E /* LandmarksApp.swift in Sources */ = {isa = PBXBuildFile; fileRef = 87B9724F2B827F5D00DDE86E /* LandmarksApp.swift */; };
		87B972522B827F5D00DDE86E /* ContentView.swift in Sources */ = {isa = PBXBuildFile; fileRef = 87B972512B827F5D00DDE86E /* ContentView.swift */; };
		87B972542B827F5E00DDE86E /* Assets.xcassets in Resources */ = {isa = PBXBuildFile; fileRef = 87B972532B827F5E00DDE86E /* Assets.xcassets */; };
		87B972572B827F5E00DDE86E /* Preview Assets.xcassets in Resources */ = {isa = PBXBuildFile; fileRef = 87B972562B827F5E00DDE86E /* Preview Assets.xcassets */; };
		87B9725E2B82862E00DDE86E /* CircleImage.swif.swift in Sources */ = {isa = PBXBuildFile; fileRef = 87B9725D2B82862E00DDE86E /* CircleImage.swif.swift */; };
		87B972602B82874A00DDE86E /* MapView.swift .swift in Sources */ = {isa = PBXBuildFile; fileRef = 87B9725F2B82874A00DDE86E /* MapView.swift .swift */; };
		87B972622B82946100DDE86E /* landmarkData.json in Resources */ = {isa = PBXBuildFile; fileRef = 87B972612B82946100DDE86E /* landmarkData.json */; };
		87B972662B8294AB00DDE86E /* Landmark.swift in Sources */ = {isa = PBXBuildFile; fileRef = 87B972652B8294AB00DDE86E /* Landmark.swift */; };
		87B972682B829B9000DDE86E /* ModelData.swift in Sources */ = {isa = PBXBuildFile; fileRef = 87B972672B829B9000DDE86E /* ModelData.swift */; };
		87B9726E2B829D5A00DDE86E /* LandmarkRow.swift in Sources */ = {isa = PBXBuildFile; fileRef = 87B9726D2B829D5A00DDE86E /* LandmarkRow.swift */; };
		87B972702B829FD600DDE86E /* LandmarkList.swift in Sources */ = {isa = PBXBuildFile; fileRef = 87B9726F2B829FD600DDE86E /* LandmarkList.swift */; };
		87B972722B82A1B500DDE86E /* LandmarkDetail.swift in Sources */ = {isa = PBXBuildFile; fileRef = 87B972712B82A1B500DDE86E /* LandmarkDetail.swift */; };
/* End PBXBuildFile section */

/* Begin PBXFileReference section */
		87B9724C2B827F5D00DDE86E /* Landmarks.app */ = {isa = PBXFileReference; explicitFileType = wrapper.application; includeInIndex = 0; path = Landmarks.app; sourceTree = BUILT_PRODUCTS_DIR; };
		87B9724F2B827F5D00DDE86E /* LandmarksApp.swift */ = {isa = PBXFileReference; lastKnownFileType = sourcecode.swift; path = LandmarksApp.swift; sourceTree = "<group>"; };
		87B972512B827F5D00DDE86E /* ContentView.swift */ = {isa = PBXFileReference; lastKnownFileType = sourcecode.swift; path = ContentView.swift; sourceTree = "<group>"; };
		87B972532B827F5E00DDE86E /* Assets.xcassets */ = {isa = PBXFileReference; lastKnownFileType = folder.assetcatalog; path = Assets.xcassets; sourceTree = "<group>"; };
		87B972562B827F5E00DDE86E /* Preview Assets.xcassets */ = {isa = PBXFileReference; lastKnownFileType = folder.assetcatalog; path = "Preview Assets.xcassets"; sourceTree = "<group>"; };
		87B9725D2B82862E00DDE86E /* CircleImage.swif.swift */ = {isa = PBXFileReference; lastKnownFileType = sourcecode.swift; path = CircleImage.swif.swift; sourceTree = "<group>"; };
		87B9725F2B82874A00DDE86E /* MapView.swift .swift */ = {isa = PBXFileReference; lastKnownFileType = sourcecode.swift; path = "MapView.swift .swift"; sourceTree = "<group>"; };
		87B972612B82946100DDE86E /* landmarkData.json */ = {isa = PBXFileReference; fileEncoding = 4; lastKnownFileType = text.json; path = landmarkData.json; sourceTree = "<group>"; };
		87B972652B8294AB00DDE86E /* Landmark.swift */ = {isa = PBXFileReference; lastKnownFileType = sourcecode.swift; path = Landmark.swift; sourceTree = "<group>"; };
		87B972672B829B9000DDE86E /* ModelData.swift */ = {isa = PBXFileReference; lastKnownFileType = sourcecode.swift; path = ModelData.swift; sourceTree = "<group>"; };
		87B9726D2B829D5A00DDE86E /* LandmarkRow.swift */ = {isa = PBXFileReference; lastKnownFileType = sourcecode.swift; path = LandmarkRow.swift; sourceTree = "<group>"; };
		87B9726F2B829FD600DDE86E /* LandmarkList.swift */ = {isa = PBXFileReference; lastKnownFileType = sourcecode.swift; path = LandmarkList.swift; sourceTree = "<group>"; };
		87B972712B82A1B500DDE86E /* LandmarkDetail.swift */ = {isa = PBXFileReference; lastKnownFileType = sourcecode.swift; path = LandmarkDetail.swift; sourceTree = "<group>"; };
/* End PBXFileReference section */

/* Begin PBXFrameworksBuildPhase section */
		87B972492B827F5C00DDE86E /* Frameworks */ = {
			isa = PBXFrameworksBuildPhase;
			buildActionMask = 2147483647;
			files = (
			);
			runOnlyForDeploymentPostprocessing = 0;
		};
/* End PBXFrameworksBuildPhase section */

/* Begin PBXGroup section */
		87B972432B827F5C00DDE86E = {
			isa = PBXGroup;
			children = (
				87B9724E2B827F5D00DDE86E /* Landmarks */,
				87B9724D2B827F5D00DDE86E /* Products */,
			);
			sourceTree = "<group>";
		};
		87B9724D2B827F5D00DDE86E /* Products */ = {
			isa = PBXGroup;
			children = (
				87B9724C2B827F5D00DDE86E /* Landmarks.app */,
			);
			name = Products;
			sourceTree = "<group>";
		};
		87B9724E2B827F5D00DDE86E /* Landmarks */ = {
			isa = PBXGroup;
			children = (
				87B9726C2B829CA600DDE86E /* Resources */,
				87B9726B2B829C8800DDE86E /* Model */,
				87B9726A2B829C3400DDE86E /* Views */,
				87B9724F2B827F5D00DDE86E /* LandmarksApp.swift */,
				87B972532B827F5E00DDE86E /* Assets.xcassets */,
				87B972552B827F5E00DDE86E /* Preview Content */,
			);
			path = Landmarks;
			sourceTree = "<group>";
		};
		87B972552B827F5E00DDE86E /* Preview Content */ = {
			isa = PBXGroup;
			children = (
				87B972562B827F5E00DDE86E /* Preview Assets.xcassets */,
			);
			path = "Preview Content";
			sourceTree = "<group>";
		};
		87B9726A2B829C3400DDE86E /* Views */ = {
			isa = PBXGroup;
			children = (
				87B972512B827F5D00DDE86E /* ContentView.swift */,
				87B9725D2B82862E00DDE86E /* CircleImage.swif.swift */,
				87B9725F2B82874A00DDE86E /* MapView.swift .swift */,
				87B9726D2B829D5A00DDE86E /* LandmarkRow.swift */,
				87B9726F2B829FD600DDE86E /* LandmarkList.swift */,
				87B972712B82A1B500DDE86E /* LandmarkDetail.swift */,
			);
			path = Views;
			sourceTree = "<group>";
		};
		87B9726B2B829C8800DDE86E /* Model */ = {
			isa = PBXGroup;
			children = (
				87B972652B8294AB00DDE86E /* Landmark.swift */,
				87B972672B829B9000DDE86E /* ModelData.swift */,
			);
			path = Model;
			sourceTree = "<group>";
		};
		87B9726C2B829CA600DDE86E /* Resources */ = {
			isa = PBXGroup;
			children = (
				87B972612B82946100DDE86E /* landmarkData.json */,
			);
			path = Resources;
			sourceTree = "<group>";
		};
/* End PBXGroup section */

/* Begin PBXNativeTarget section */
		87B9724B2B827F5C00DDE86E /* Landmarks */ = {
			isa = PBXNativeTarget;
			buildConfigurationList = 87B9725A2B827F5E00DDE86E /* Build configuration list for PBXNativeTarget "Landmarks" */;
			buildPhases = (
				87B972482B827F5C00DDE86E /* Sources */,
				87B972492B827F5C00DDE86E /* Frameworks */,
				87B9724A2B827F5C00DDE86E /* Resources */,
			);
			buildRules = (
			);
			dependencies = (
			);
			name = Landmarks;
			productName = Landmarks;
			productReference = 87B9724C2B827F5D00DDE86E /* Landmarks.app */;
			productType = "com.apple.product-type.application";
		};
/* End PBXNativeTarget section */

/* Begin PBXProject section */
		87B972442B827F5C00DDE86E /* Project object */ = {
			isa = PBXProject;
			attributes = {
				BuildIndependentTargetsInParallel = 1;
				LastSwiftUpdateCheck = 1520;
				LastUpgradeCheck = 1520;
				TargetAttributes = {
					87B9724B2B827F5C00DDE86E = {
						CreatedOnToolsVersion = 15.2;
					};
				};
			};
			buildConfigurationList = 87B972472B827F5C00DDE86E /* Build configuration list for PBXProject "Landmarks" */;
			compatibilityVersion = "Xcode 14.0";
			developmentRegion = en;
			hasScannedForEncodings = 0;
			knownRegions = (
				en,
				Base,
			);
			mainGroup = 87B972432B827F5C00DDE86E;
			productRefGroup = 87B9724D2B827F5D00DDE86E /* Products */;
			projectDirPath = "";
			projectRoot = "";
			targets = (
				87B9724B2B827F5C00DDE86E /* Landmarks */,
			);
		};
/* End PBXProject section */

/* Begin PBXResourcesBuildPhase section */
		87B9724A2B827F5C00DDE86E /* Resources */ = {
			isa = PBXResourcesBuildPhase;
			buildActionMask = 2147483647;
			files = (
				87B972572B827F5E00DDE86E /* Preview Assets.xcassets in Resources */,
				87B972542B827F5E00DDE86E /* Assets.xcassets in Resources */,
				87B972622B82946100DDE86E /* landmarkData.json in Resources */,
			);
			runOnlyForDeploymentPostprocessing = 0;
		};
/* End PBXResourcesBuildPhase section */

/* Begin PBXSourcesBuildPhase section */
		87B972482B827F5C00DDE86E /* Sources */ = {
			isa = PBXSourcesBuildPhase;
			buildActionMask = 2147483647;
			files = (
				87B9725E2B82862E00DDE86E /* CircleImage.swif.swift in Sources */,
				87B972522B827F5D00DDE86E /* ContentView.swift in Sources */,
				87B972502B827F5D00DDE86E /* LandmarksApp.swift in Sources */,
				87B972702B829FD600DDE86E /* LandmarkList.swift in Sources */,
				87B972722B82A1B500DDE86E /* LandmarkDetail.swift in Sources */,
				87B972602B82874A00DDE86E /* MapView.swift .swift in Sources */,
				87B972662B8294AB00DDE86E /* Landmark.swift in Sources */,
				87B9726E2B829D5A00DDE86E /* LandmarkRow.swift in Sources */,
				87B972682B829B9000DDE86E /* ModelData.swift in Sources */,
			);
			runOnlyForDeploymentPostprocessing = 0;
		};
/* End PBXSourcesBuildPhase section */

/* Begin XCBuildConfiguration section */
		87B972582B827F5E00DDE86E /* Debug */ = {
			isa = XCBuildConfiguration;
			buildSettings = {
				ALWAYS_SEARCH_USER_PATHS = NO;
				ASSETCATALOG_COMPILER_GENERATE_SWIFT_ASSET_SYMBOL_EXTENSIONS = YES;
				CLANG_ANALYZER_NONNULL = YES;
				CLANG_ANALYZER_NUMBER_OBJECT_CONVERSION = YES_AGGRESSIVE;
				CLANG_CXX_LANGUAGE_STANDARD = "gnu++20";
				CLANG_ENABLE_MODULES = YES;
				CLANG_ENABLE_OBJC_ARC = YES;
				CLANG_ENABLE_OBJC_WEAK = YES;
				CLANG_WARN_BLOCK_CAPTURE_AUTORELEASING = YES;
				CLANG_WARN_BOOL_CONVERSION = YES;
				CLANG_WARN_COMMA = YES;
				CLANG_WARN_CONSTANT_CONVERSION = YES;
				CLANG_WARN_DEPRECATED_OBJC_IMPLEMENTATIONS = YES;
				CLANG_WARN_DIRECT_OBJC_ISA_USAGE = YES_ERROR;
				CLANG_WARN_DOCUMENTATION_COMMENTS = YES;
				CLANG_WARN_EMPTY_BODY = YES;
				CLANG_WARN_ENUM_CONVERSION = YES;
				CLANG_WARN_INFINITE_RECURSION = YES;
				CLANG_WARN_INT_CONVERSION = YES;
				CLANG_WARN_NON_LITERAL_NULL_CONVERSION = YES;
				CLANG_WARN_OBJC_IMPLICIT_RETAIN_SELF = YES;
				CLANG_WARN_OBJC_LITERAL_CONVERSION = YES;
				CLANG_WARN_OBJC_ROOT_CLASS = YES_ERROR;
				CLANG_WARN_QUOTED_INCLUDE_IN_FRAMEWORK_HEADER = YES;
				CLANG_WARN_RANGE_LOOP_ANALYSIS = YES;
				CLANG_WARN_STRICT_PROTOTYPES = YES;
				CLANG_WARN_SUSPICIOUS_MOVE = YES;
				CLANG_WARN_UNGUARDED_AVAILABILITY = YES_AGGRESSIVE;
				CLANG_WARN_UNREACHABLE_CODE = YES;
				CLANG_WARN__DUPLICATE_METHOD_MATCH = YES;
				COPY_PHASE_STRIP = NO;
				DEBUG_INFORMATION_FORMAT = dwarf;
				ENABLE_STRICT_OBJC_MSGSEND = YES;
				ENABLE_TESTABILITY = YES;
				ENABLE_USER_SCRIPT_SANDBOXING = YES;
				GCC_C_LANGUAGE_STANDARD = gnu17;
				GCC_DYNAMIC_NO_PIC = NO;
				GCC_NO_COMMON_BLOCKS = YES;
				GCC_OPTIMIZATION_LEVEL = 0;
				GCC_PREPROCESSOR_DEFINITIONS = (
					"DEBUG=1",
					"$(inherited)",
				);
				GCC_WARN_64_TO_32_BIT_CONVERSION = YES;
				GCC_WARN_ABOUT_RETURN_TYPE = YES_ERROR;
				GCC_WARN_UNDECLARED_SELECTOR = YES;
				GCC_WARN_UNINITIALIZED_AUTOS = YES_AGGRESSIVE;
				GCC_WARN_UNUSED_FUNCTION = YES;
				GCC_WARN_UNUSED_VARIABLE = YES;
				IPHONEOS_DEPLOYMENT_TARGET = 17.2;
				LOCALIZATION_PREFERS_STRING_CATALOGS = YES;
				MTL_ENABLE_DEBUG_INFO = INCLUDE_SOURCE;
				MTL_FAST_MATH = YES;
				ONLY_ACTIVE_ARCH = YES;
				SDKROOT = iphoneos;
				SWIFT_ACTIVE_COMPILATION_CONDITIONS = "DEBUG $(inherited)";
				SWIFT_OPTIMIZATION_LEVEL = "-Onone";
			};
			name = Debug;
		};
		87B972592B827F5E00DDE86E /* Release */ = {
			isa = XCBuildConfiguration;
			buildSettings = {
				ALWAYS_SEARCH_USER_PATHS = NO;
				ASSETCATALOG_COMPILER_GENERATE_SWIFT_ASSET_SYMBOL_EXTENSIONS = YES;
				CLANG_ANALYZER_NONNULL = YES;
				CLANG_ANALYZER_NUMBER_OBJECT_CONVERSION = YES_AGGRESSIVE;
				CLANG_CXX_LANGUAGE_STANDARD = "gnu++20";
				CLANG_ENABLE_MODULES = YES;
				CLANG_ENABLE_OBJC_ARC = YES;
				CLANG_ENABLE_OBJC_WEAK = YES;
				CLANG_WARN_BLOCK_CAPTURE_AUTORELEASING = YES;
				CLANG_WARN_BOOL_CONVERSION = YES;
				CLANG_WARN_COMMA = YES;
				CLANG_WARN_CONSTANT_CONVERSION = YES;
				CLANG_WARN_DEPRECATED_OBJC_IMPLEMENTATIONS = YES;
				CLANG_WARN_DIRECT_OBJC_ISA_USAGE = YES_ERROR;
				CLANG_WARN_DOCUMENTATION_COMMENTS = YES;
				CLANG_WARN_EMPTY_BODY = YES;
				CLANG_WARN_ENUM_CONVERSION = YES;
				CLANG_WARN_INFINITE_RECURSION = YES;
				CLANG_WARN_INT_CONVERSION = YES;
				CLANG_WARN_NON_LITERAL_NULL_CONVERSION = YES;
				CLANG_WARN_OBJC_IMPLICIT_RETAIN_SELF = YES;
				CLANG_WARN_OBJC_LITERAL_CONVERSION = YES;
				CLANG_WARN_OBJC_ROOT_CLASS = YES_ERROR;
				CLANG_WARN_QUOTED_INCLUDE_IN_FRAMEWORK_HEADER = YES;
				CLANG_WARN_RANGE_LOOP_ANALYSIS = YES;
				CLANG_WARN_STRICT_PROTOTYPES = YES;
				CLANG_WARN_SUSPICIOUS_MOVE = YES;
				CLANG_WARN_UNGUARDED_AVAILABILITY = YES_AGGRESSIVE;
				CLANG_WARN_UNREACHABLE_CODE = YES;
				CLANG_WARN__DUPLICATE_METHOD_MATCH = YES;
				COPY_PHASE_STRIP = NO;
				DEBUG_INFORMATION_FORMAT = "dwarf-with-dsym";
				ENABLE_NS_ASSERTIONS = NO;
				ENABLE_STRICT_OBJC_MSGSEND = YES;
				ENABLE_USER_SCRIPT_SANDBOXING = YES;
				GCC_C_LANGUAGE_STANDARD = gnu17;
				GCC_NO_COMMON_BLOCKS = YES;
				GCC_WARN_64_TO_32_BIT_CONVERSION = YES;
				GCC_WARN_ABOUT_RETURN_TYPE = YES_ERROR;
				GCC_WARN_UNDECLARED_SELECTOR = YES;
				GCC_WARN_UNINITIALIZED_AUTOS = YES_AGGRESSIVE;
				GCC_WARN_UNUSED_FUNCTION = YES;
				GCC_WARN_UNUSED_VARIABLE = YES;
				IPHONEOS_DEPLOYMENT_TARGET = 17.2;
				LOCALIZATION_PREFERS_STRING_CATALOGS = YES;
				MTL_ENABLE_DEBUG_INFO = NO;
				MTL_FAST_MATH = YES;
				SDKROOT = iphoneos;
				SWIFT_COMPILATION_MODE = wholemodule;
				VALIDATE_PRODUCT = YES;
			};
			name = Release;
		};
		87B9725B2B827F5E00DDE86E /* Debug */ = {
			isa = XCBuildConfiguration;
			buildSettings = {
				ASSETCATALOG_COMPILER_APPICON_NAME = AppIcon;
				ASSETCATALOG_COMPILER_GLOBAL_ACCENT_COLOR_NAME = AccentColor;
				CODE_SIGN_STYLE = Automatic;
				CURRENT_PROJECT_VERSION = 1;
				DEVELOPMENT_ASSET_PATHS = "\"Landmarks/Preview Content\"";
				DEVELOPMENT_TEAM = JCF9982W6M;
				ENABLE_PREVIEWS = YES;
				GENERATE_INFOPLIST_FILE = YES;
				INFOPLIST_KEY_UIApplicationSceneManifest_Generation = YES;
				INFOPLIST_KEY_UIApplicationSupportsIndirectInputEvents = YES;
				INFOPLIST_KEY_UILaunchScreen_Generation = YES;
				INFOPLIST_KEY_UISupportedInterfaceOrientations_iPad = "UIInterfaceOrientationPortrait UIInterfaceOrientationPortraitUpsideDown UIInterfaceOrientationLandscapeLeft UIInterfaceOrientationLandscapeRight";
				INFOPLIST_KEY_UISupportedInterfaceOrientations_iPhone = "UIInterfaceOrientationPortrait UIInterfaceOrientationLandscapeLeft UIInterfaceOrientationLandscapeRight";
				LD_RUNPATH_SEARCH_PATHS = (
					"$(inherited)",
					"@executable_path/Frameworks",
				);
				MARKETING_VERSION = 1.0;
				PRODUCT_BUNDLE_IDENTIFIER = com.juansenen.Landmarks;
				PRODUCT_NAME = "$(TARGET_NAME)";
				SWIFT_EMIT_LOC_STRINGS = YES;
				SWIFT_VERSION = 5.0;
				TARGETED_DEVICE_FAMILY = "1,2";
			};
			name = Debug;
		};
		87B9725C2B827F5E00DDE86E /* Release */ = {
			isa = XCBuildConfiguration;
			buildSettings = {
				ASSETCATALOG_COMPILER_APPICON_NAME = AppIcon;
				ASSETCATALOG_COMPILER_GLOBAL_ACCENT_COLOR_NAME = AccentColor;
				CODE_SIGN_STYLE = Automatic;
				CURRENT_PROJECT_VERSION = 1;
				DEVELOPMENT_ASSET_PATHS = "\"Landmarks/Preview Content\"";
				DEVELOPMENT_TEAM = JCF9982W6M;
				ENABLE_PREVIEWS = YES;
				GENERATE_INFOPLIST_FILE = YES;
				INFOPLIST_KEY_UIApplicationSceneManifest_Generation = YES;
				INFOPLIST_KEY_UIApplicationSupportsIndirectInputEvents = YES;
				INFOPLIST_KEY_UILaunchScreen_Generation = YES;
				INFOPLIST_KEY_UISupportedInterfaceOrientations_iPad = "UIInterfaceOrientationPortrait UIInterfaceOrientationPortraitUpsideDown UIInterfaceOrientationLandscapeLeft UIInterfaceOrientationLandscapeRight";
				INFOPLIST_KEY_UISupportedInterfaceOrientations_iPhone = "UIInterfaceOrientationPortrait UIInterfaceOrientationLandscapeLeft UIInterfaceOrientationLandscapeRight";
				LD_RUNPATH_SEARCH_PATHS = (
					"$(inherited)",
					"@executable_path/Frameworks",
				);
				MARKETING_VERSION = 1.0;
				PRODUCT_BUNDLE_IDENTIFIER = com.juansenen.Landmarks;
				PRODUCT_NAME = "$(TARGET_NAME)";
				SWIFT_EMIT_LOC_STRINGS = YES;
				SWIFT_VERSION = 5.0;
				TARGETED_DEVICE_FAMILY = "1,2";
			};
			name = Release;
		};
/* End XCBuildConfiguration section */

/* Begin XCConfigurationList section */
		87B972472B827F5C00DDE86E /* Build configuration list for PBXProject "Landmarks" */ = {
			isa = XCConfigurationList;
			buildConfigurations = (
				87B972582B827F5E00DDE86E /* Debug */,
				87B972592B827F5E00DDE86E /* Release */,
			);
			defaultConfigurationIsVisible = 0;
			defaultConfigurationName = Release;
		};
		87B9725A2B827F5E00DDE86E /* Build configuration list for PBXNativeTarget "Landmarks" */ = {
			isa = XCConfigurationList;
			buildConfigurations = (
				87B9725B2B827F5E00DDE86E /* Debug */,
				87B9725C2B827F5E00DDE86E /* Release */,
			);
			defaultConfigurationIsVisible = 0;
			defaultConfigurationName = Release;
		};
/* End XCConfigurationList section */
	};
	rootObject = 87B972442B827F5C00DDE86E /* Project object */;
}
